github.com/davecgh/go-spew v1.1.2-0.20180830191138-d8f796af33cc h1:U9qPSI2PIWSS1VwoXQT9A3Wy9MM3WgvqSxFWenqJduM=
github.com/davecgh/go-spew v1.1.2-0.20180830191138-d8f796af33cc/go.mod h1:J7Y8YcW2NihsgmVo/mv3lAwl/skON4iLHjSsI+c5H38=
github.com/gematik/zero-lab/go/brainpool v1.0.2-0.20260628170841-68cf93ff9bb8 h1:xF/Wa++Mcm3eOft0UEE7sH9zvQ7XwvDQjxFv/SGJraM=
github.com/gematik/zero-lab/go/brainpool v1.0.2-0.20260628170841-68cf93ff9bb8/go.mod h1:TGiI/RSzM76LwiWZRMzc9t1yDfN6D4uOaeYCd8N5rCs=
github.com/gematik/zero-lab/go/gempki v0.1.2-0.20260628170841-68cf93ff9bb8 h1:2ids14aOwtWVsaHuv+GCru4sMQzDN9UcU5snHRZPVbc=
github.com/gematik/zero-lab/go/gempki v0.1.2-0.20260628170841-68cf93ff9bb8/go.mod h1:n173+j29OVuvjHYbcd/ZLuZHBf0kEQvt33pxZGAOsW4=
github.com/gematik/zero-lab/go/pkcs12 v0.99.1 h1:eH5Gxlc6yVqB0IsZa0sC4uDEl6CBTh8eTuqX8buszTk=
github.com/gematik/zero-lab/go/pkcs12 v0.99.1/go.mod h1:VNHdfm5gWuJAldR08RHteNOQaWXbuC2MtJbWCOIByVo=
github.com/pmezard/go-difflib v1.0.1-0.20181226105442-5d4384ee4fb2 h1:Jamvg5psRIccs7FGNTlIRMkT8wgtp5eCXdBlqhYGL6U=
github.com/pmezard/go-difflib v1.0.1-0.20181226105442-5d4384ee4fb2/go.mod h1:iKH77koFhYxTK1pcRnkKkqfTogsbg7gZNVY4sRDYZ/4=
github.com/stretchr/testify v1.11.1 h1:7s2iGBzp5EwR7/aIZr8ao5+dra3wiQyKjjFuvgVKu7U=
github.com/stretchr/testify v1.11.1/go.mod h1:wZwfW3scLgRK+23gO65QZefKpKQRnfz6sD981Nm4B6U=
golang.org/x/crypto v0.53.0 h1:QZ4Muo8THX6CizN2vPPd5fBGHyogrdK9fG4wLPFUsto=
golang.org/x/crypto v0.53.0/go.mod h1:DNLU434OwVakk9PzuwV8w62mAJpRJL3vsgcfp4Qnsio=
gopkg.in/yaml.v3 v3.0.1 h1:fxVm/GzAzEWqLHuvctI91KS9hhNmmWOoWu0XTYJS7CA=
gopkg.in/yaml.v3 v3.0.1/go.mod h1:K4uyk7z7BCEPqu6E+C64Yfv1cQ7kz7rIZviUmN+EgEM=
