github.com/davecgh/go-spew v1.1.2-0.20180830191138-d8f796af33cc h1:U9qPSI2PIWSS1VwoXQT9A3Wy9MM3WgvqSxFWenqJduM=
github.com/davecgh/go-spew v1.1.2-0.20180830191138-d8f796af33cc/go.mod h1:J7Y8YcW2NihsgmVo/mv3lAwl/skON4iLHjSsI+c5H38=
github.com/gematik/zero-lab/go/brainpool v0.0.0-20260602064120-59fe4d3a6a39 h1:J9rt8vLXXxyd5AwIEun91tjYdwW2H3AXAAEZHNA1YW0=
github.com/gematik/zero-lab/go/brainpool v0.0.0-20260602064120-59fe4d3a6a39/go.mod h1:TaeFLI1a/MDVsD8s9QcvIBigMUB6TrwjTW07mjrfhek=
github.com/gematik/zero-lab/go/gempki v0.0.0-20260602064120-59fe4d3a6a39 h1:LC2/N0hC+NTnxtwjKylJJxV/TdzDnN7DeO7OHcwLCXQ=
github.com/gematik/zero-lab/go/gempki v0.0.0-20260602064120-59fe4d3a6a39/go.mod h1:2p6l7pwoUREn0AbOp7W0nYFau7m5sIm90vuJVUjhEok=
github.com/gematik/zero-lab/go/pkcs12 v0.0.0-20260602064120-59fe4d3a6a39 h1:XOKdVBHjf11LkhdeoAIbWFhviSch6P96kMISBHtI4Gs=
github.com/gematik/zero-lab/go/pkcs12 v0.0.0-20260602064120-59fe4d3a6a39/go.mod h1:4uypW0t3Ks8BoqUbbJC9KjbDMiQ/ieN6864oNjZIi80=
github.com/pmezard/go-difflib v1.0.1-0.20181226105442-5d4384ee4fb2 h1:Jamvg5psRIccs7FGNTlIRMkT8wgtp5eCXdBlqhYGL6U=
github.com/pmezard/go-difflib v1.0.1-0.20181226105442-5d4384ee4fb2/go.mod h1:iKH77koFhYxTK1pcRnkKkqfTogsbg7gZNVY4sRDYZ/4=
github.com/stretchr/testify v1.11.1 h1:7s2iGBzp5EwR7/aIZr8ao5+dra3wiQyKjjFuvgVKu7U=
github.com/stretchr/testify v1.11.1/go.mod h1:wZwfW3scLgRK+23gO65QZefKpKQRnfz6sD981Nm4B6U=
golang.org/x/crypto v0.52.0 h1:RMs7fP2rXdep0CftQlK8Uf+kibLm7qkCcradZWYz988=
golang.org/x/crypto v0.52.0/go.mod h1:1QgfPxDqh0T2M/elOJtp9RvuR95kVjir0e6/BvEmGbc=
gopkg.in/yaml.v3 v3.0.1 h1:fxVm/GzAzEWqLHuvctI91KS9hhNmmWOoWu0XTYJS7CA=
gopkg.in/yaml.v3 v3.0.1/go.mod h1:K4uyk7z7BCEPqu6E+C64Yfv1cQ7kz7rIZviUmN+EgEM=
