github.com/gematik/zero-lab/go/brainpool v0.0.0-20250308083443-b9991fbc0c0c h1:DXPDf6gFzl7G35ZV48pIqFI7GFbnxg1gAMIi7hic6j0=
github.com/gematik/zero-lab/go/brainpool v0.0.0-20250308083443-b9991fbc0c0c/go.mod h1:EE2YYA5/qWFC0yjasTpAANhD9wCESvABd7zJ/edCmIM=
golang.org/x/crypto v0.38.0 h1:jt+WWG8IZlBnVbomuhg2Mdq0+BBQaHbtqHEFEigjUV8=
